
Microsoft Visual Studio Solution File, Format Version 12.00
# Visual Studio Version 16
VisualStudioVersion = 16.0.31313.79
MinimumVisualStudioVersion = 10.0.40219.1
Project("{9A19103F-16F7-4668-BE54-9A1E7A4F7556}") = "GreetingDemo.Function", "GreetingDemo.Function\GreetingDemo.Function.csproj", "{3737F216-0533-4916-9496-2BAFB83B6EA3}"
EndProject
Project("{FAE04EC0-301F-11D3-BF4B-00C04F79EFBC}") = "GreetingDemo.AzArmTemplates", "GreetingDemo.AzArmTemplates\GreetingDemo.AzArmTemplates.csproj", "{1D750DA1-E552-4743-9025-74FA6B1E20A1}"
EndProject
Global
	GlobalSection(SolutionConfigurationPlatforms) = preSolution
		Debug|Any CPU = Debug|Any CPU
		Release|Any CPU = Release|Any CPU
	EndGlobalSection
	GlobalSection(ProjectConfigurationPlatforms) = postSolution
		{3737F216-0533-4916-9496-2BAFB83B6EA3}.Debug|Any CPU.ActiveCfg = Debug|Any CPU
		{3737F216-0533-4916-9496-2BAFB83B6EA3}.Debug|Any CPU.Build.0 = Debug|Any CPU
		{3737F216-0533-4916-9496-2BAFB83B6EA3}.Release|Any CPU.ActiveCfg = Release|Any CPU
		{3737F216-0533-4916-9496-2BAFB83B6EA3}.Release|Any CPU.Build.0 = Release|Any CPU
		{1D750DA1-E552-4743-9025-74FA6B1E20A1}.Debug|Any CPU.ActiveCfg = Debug|Any CPU
		{1D750DA1-E552-4743-9025-74FA6B1E20A1}.Debug|Any CPU.Build.0 = Debug|Any CPU
		{1D750DA1-E552-4743-9025-74FA6B1E20A1}.Release|Any CPU.ActiveCfg = Release|Any CPU
		{1D750DA1-E552-4743-9025-74FA6B1E20A1}.Release|Any CPU.Build.0 = Release|Any CPU
	EndGlobalSection
	GlobalSection(SolutionProperties) = preSolution
		HideSolutionNode = FALSE
	EndGlobalSection
	GlobalSection(ExtensibilityGlobals) = postSolution
		SolutionGuid = {75B3485E-72CD-4334-8C0D-157F706BEABD}
	EndGlobalSection
EndGlobal
